
Microsoft Visual Studio Solution File, Format Version 12.00
# Visual Studio Version 17
VisualStudioVersion = 17.7.34024.191
MinimumVisualStudioVersion = 10.0.40219.1
Project("{FAE04EC0-301F-11D3-BF4B-00C04F79EFBC}") = "ChamadoTI", "ChamadoTI\ChamadoTI.csproj", "{D1EA6AA1-0D3A-49A5-9DE3-FEDCD3A4F2ED}"
EndProject
Global
	GlobalSection(SolutionConfigurationPlatforms) = preSolution
		Debug|Any CPU = Debug|Any CPU
		Release|Any CPU = Release|Any CPU
	EndGlobalSection
	GlobalSection(ProjectConfigurationPlatforms) = postSolution
		{D1EA6AA1-0D3A-49A5-9DE3-FEDCD3A4F2ED}.Debug|Any CPU.ActiveCfg = Debug|Any CPU
		{D1EA6AA1-0D3A-49A5-9DE3-FEDCD3A4F2ED}.Debug|Any CPU.Build.0 = Debug|Any CPU
		{D1EA6AA1-0D3A-49A5-9DE3-FEDCD3A4F2ED}.Release|Any CPU.ActiveCfg = Release|Any CPU
		{D1EA6AA1-0D3A-49A5-9DE3-FEDCD3A4F2ED}.Release|Any CPU.Build.0 = Release|Any CPU
	EndGlobalSection
	GlobalSection(SolutionProperties) = preSolution
		HideSolutionNode = FALSE
	EndGlobalSection
	GlobalSection(ExtensibilityGlobals) = postSolution
		SolutionGuid = {FB86A601-A723-48CB-A74F-567E0C982C7A}
	EndGlobalSection
EndGlobal
